
Microsoft Visual Studio Solution File, Format Version 12.00
# Visual Studio Version 16
VisualStudioVersion = 16.0.29326.143
MinimumVisualStudioVersion = 10.0.40219.1
Project("{FAE04EC0-301F-11D3-BF4B-00C04F79EFBC}") = "SharpPArse", "SharpPArse\SharpPArse.csproj", "{AB31E45E-5BBD-48DF-9CF2-55FB00560E7E}"
EndProject
Global
	GlobalSection(SolutionConfigurationPlatforms) = preSolution
		Debug|Any CPU = Debug|Any CPU
		Release|Any CPU = Release|Any CPU
	EndGlobalSection
	GlobalSection(ProjectConfigurationPlatforms) = postSolution
		{AB31E45E-5BBD-48DF-9CF2-55FB00560E7E}.Debug|Any CPU.ActiveCfg = Debug|Any CPU
		{AB31E45E-5BBD-48DF-9CF2-55FB00560E7E}.Debug|Any CPU.Build.0 = Debug|Any CPU
		{AB31E45E-5BBD-48DF-9CF2-55FB00560E7E}.Release|Any CPU.ActiveCfg = Release|Any CPU
		{AB31E45E-5BBD-48DF-9CF2-55FB00560E7E}.Release|Any CPU.Build.0 = Release|Any CPU
	EndGlobalSection
	GlobalSection(SolutionProperties) = preSolution
		HideSolutionNode = FALSE
	EndGlobalSection
	GlobalSection(ExtensibilityGlobals) = postSolution
		SolutionGuid = {4EC53AF1-23C0-4E89-BBFB-F40F51316846}
	EndGlobalSection
EndGlobal
